
Microsoft Visual Studio Solution File, Format Version 12.00
# Visual Studio Version 17
VisualStudioVersion = 17.8.34309.116
MinimumVisualStudioVersion = 10.0.40219.1
Project("{9A19103F-16F7-4668-BE54-9A1E7A4F7556}") = "RecipeBrowser", "RecipeBrowser.csproj", "{BC097F40-BCE9-4987-8A5F-5317678992A8}"
EndProject
Global
	GlobalSection(SolutionConfigurationPlatforms) = preSolution
		Debug|Any CPU = Debug|Any CPU
		Release|Any CPU = Release|Any CPU
	EndGlobalSection
	GlobalSection(ProjectConfigurationPlatforms) = postSolution
		{BC097F40-BCE9-4987-8A5F-5317678992A8}.Debug|Any CPU.ActiveCfg = Debug|Any CPU
		{BC097F40-BCE9-4987-8A5F-5317678992A8}.Debug|Any CPU.Build.0 = Debug|Any CPU
		{BC097F40-BCE9-4987-8A5F-5317678992A8}.Release|Any CPU.ActiveCfg = Release|Any CPU
		{BC097F40-BCE9-4987-8A5F-5317678992A8}.Release|Any CPU.Build.0 = Release|Any CPU
	EndGlobalSection
	GlobalSection(SolutionProperties) = preSolution
		HideSolutionNode = FALSE
	EndGlobalSection
	GlobalSection(ExtensibilityGlobals) = postSolution
		SolutionGuid = {1FFEFA6F-7B08-401A-8B2B-ACBDB2A73223}
	EndGlobalSection
EndGlobal
